
Microsoft Visual Studio Solution File, Format Version 12.00
# Visual Studio Version 16
VisualStudioVersion = 16.0.31205.134
MinimumVisualStudioVersion = 10.0.40219.1
Project("{FAE04EC0-301F-11D3-BF4B-00C04F79EFBC}") = "Couponat", "Couponat.csproj", "{512245FA-D76C-4205-94C1-BE223515C510}"
EndProject
Global
	GlobalSection(SolutionConfigurationPlatforms) = preSolution
		Debug|Any CPU = Debug|Any CPU
		Release|Any CPU = Release|Any CPU
	EndGlobalSection
	GlobalSection(ProjectConfigurationPlatforms) = postSolution
		{512245FA-D76C-4205-94C1-BE223515C510}.Debug|Any CPU.ActiveCfg = Debug|Any CPU
		{512245FA-D76C-4205-94C1-BE223515C510}.Debug|Any CPU.Build.0 = Debug|Any CPU
		{512245FA-D76C-4205-94C1-BE223515C510}.Release|Any CPU.ActiveCfg = Release|Any CPU
		{512245FA-D76C-4205-94C1-BE223515C510}.Release|Any CPU.Build.0 = Release|Any CPU
	EndGlobalSection
	GlobalSection(SolutionProperties) = preSolution
		HideSolutionNode = FALSE
	EndGlobalSection
	GlobalSection(ExtensibilityGlobals) = postSolution
		SolutionGuid = {5EBCA5E5-6F0D-41BF-A16F-407DA5B7D595}
	EndGlobalSection
EndGlobal
